// !$*UTF8*$!
{
	archiveVersion = 1;
	classes = {
	};
	objectVersion = 50;
	objects = {

/* Begin PBXBuildFile section */
		A170E3F74DBCFE08B4CF53AC /* Pods_GoldenFish.framework in Frameworks */ = {isa = PBXBuildFile; fileRef = E6CF39668B7DAF0A818E8A6F /* Pods_GoldenFish.framework */; };
		F172224B20728C310084C3EC /* AppDelegate.swift in Sources */ = {isa = PBXBuildFile; fileRef = F172224A20728C310084C3EC /* AppDelegate.swift */; };
		F172225020728C320084C3EC /* Main.storyboard in Resources */ = {isa = PBXBuildFile; fileRef = F172224E20728C320084C3EC /* Main.storyboard */; };
		F172225220728C350084C3EC /* Assets.xcassets in Resources */ = {isa = PBXBuildFile; fileRef = F172225120728C350084C3EC /* Assets.xcassets */; };
		F172225520728C350084C3EC /* LaunchScreen.storyboard in Resources */ = {isa = PBXBuildFile; fileRef = F172225320728C350084C3EC /* LaunchScreen.storyboard */; };
		F1AF783A2073DF8E0055E297 /* NewUserViewController.swift in Sources */ = {isa = PBXBuildFile; fileRef = F1AF78392073DF8E0055E297 /* NewUserViewController.swift */; };
		F1AF783C20740C1B0055E297 /* Util.swift in Sources */ = {isa = PBXBuildFile; fileRef = F1AF783B20740C1B0055E297 /* Util.swift */; };
		F1AF783E207422490055E297 /* NewUserSignUpViewController.swift in Sources */ = {isa = PBXBuildFile; fileRef = F1AF783D207422490055E297 /* NewUserSignUpViewController.swift */; };
		F1D011F020746B1F00C4927D /* Self+GMSAutocompleteViewControllerDelegate.swift in Sources */ = {isa = PBXBuildFile; fileRef = F1D011EF20746B1F00C4927D /* Self+GMSAutocompleteViewControllerDelegate.swift */; };
		F1D011F320746FA600C4927D /* Self+GMSMapViewDelegate.swift in Sources */ = {isa = PBXBuildFile; fileRef = F1D011F220746FA600C4927D /* Self+GMSMapViewDelegate.swift */; };
		F1D011F520746FF500C4927D /* Self+CLLocationManagerDelegate.swift in Sources */ = {isa = PBXBuildFile; fileRef = F1D011F420746FF500C4927D /* Self+CLLocationManagerDelegate.swift */; };
		F1E25C4420753368009CC50E /* BottomPresentationController.swift in Sources */ = {isa = PBXBuildFile; fileRef = F1E25C4320753368009CC50E /* BottomPresentationController.swift */; };
		F1E25C4620754325009CC50E /* LocationsPresentationController.swift in Sources */ = {isa = PBXBuildFile; fileRef = F1E25C4520754325009CC50E /* LocationsPresentationController.swift */; };
		F1E25C482075484B009CC50E /* UIViewControllerExtension.swift in Sources */ = {isa = PBXBuildFile; fileRef = F1E25C472075484B009CC50E /* UIViewControllerExtension.swift */; };
		F1E25C4A20755D3B009CC50E /* BasePresentationController.swift in Sources */ = {isa = PBXBuildFile; fileRef = F1E25C4920755D3B009CC50E /* BasePresentationController.swift */; };
		F1E25C4D20756C0D009CC50E /* LocationTableViewCell.swift in Sources */ = {isa = PBXBuildFile; fileRef = F1E25C4B20756C0D009CC50E /* LocationTableViewCell.swift */; };
		F1E25C4E20756C0D009CC50E /* LocationTableViewCell.xib in Resources */ = {isa = PBXBuildFile; fileRef = F1E25C4C20756C0D009CC50E /* LocationTableViewCell.xib */; };
		F1E25C5020757012009CC50E /* UserLocation.swift in Sources */ = {isa = PBXBuildFile; fileRef = F1E25C4F20757012009CC50E /* UserLocation.swift */; };
		F1E25C522075F489009CC50E /* RoundView.swift in Sources */ = {isa = PBXBuildFile; fileRef = F1E25C512075F488009CC50E /* RoundView.swift */; };
		F1E25C542075F4F5009CC50E /* AddLocationPresentationController.swift in Sources */ = {isa = PBXBuildFile; fileRef = F1E25C532075F4F5009CC50E /* AddLocationPresentationController.swift */; };
		F1E25C562075F596009CC50E /* GlobalData.swift in Sources */ = {isa = PBXBuildFile; fileRef = F1E25C552075F596009CC50E /* GlobalData.swift */; };
		F1F7F68C20744FBF00490052 /* NewUserLocationViewController.swift in Sources */ = {isa = PBXBuildFile; fileRef = F1F7F68B20744FBF00490052 /* NewUserLocationViewController.swift */; };
/* End PBXBuildFile section */

/* Begin PBXFileReference section */
		E6CF39668B7DAF0A818E8A6F /* Pods_GoldenFish.framework */ = {isa = PBXFileReference; explicitFileType = wrapper.framework; includeInIndex = 0; path = Pods_GoldenFish.framework; sourceTree = BUILT_PRODUCTS_DIR; };
		E817F221DBC0A2FDA355787B /* Pods-GoldenFish.release.xcconfig */ = {isa = PBXFileReference; includeInIndex = 1; lastKnownFileType = text.xcconfig; name = "Pods-GoldenFish.release.xcconfig"; path = "Pods/Target Support Files/Pods-GoldenFish/Pods-GoldenFish.release.xcconfig"; sourceTree = "<group>"; };
		F172224720728C310084C3EC /* GoldenFish.app */ = {isa = PBXFileReference; explicitFileType = wrapper.application; includeInIndex = 0; path = GoldenFish.app; sourceTree = BUILT_PRODUCTS_DIR; };
		F172224A20728C310084C3EC /* AppDelegate.swift */ = {isa = PBXFileReference; lastKnownFileType = sourcecode.swift; path = AppDelegate.swift; sourceTree = "<group>"; };
		F172224F20728C320084C3EC /* Base */ = {isa = PBXFileReference; lastKnownFileType = file.storyboard; name = Base; path = Base.lproj/Main.storyboard; sourceTree = "<group>"; };
		F172225120728C350084C3EC /* Assets.xcassets */ = {isa = PBXFileReference; lastKnownFileType = folder.assetcatalog; path = Assets.xcassets; sourceTree = "<group>"; };
		F172225420728C350084C3EC /* Base */ = {isa = PBXFileReference; lastKnownFileType = file.storyboard; name = Base; path = Base.lproj/LaunchScreen.storyboard; sourceTree = "<group>"; };
		F172225620728C350084C3EC /* Info.plist */ = {isa = PBXFileReference; lastKnownFileType = text.plist.xml; path = Info.plist; sourceTree = "<group>"; };
		F1AF78392073DF8E0055E297 /* NewUserViewController.swift */ = {isa = PBXFileReference; lastKnownFileType = sourcecode.swift; path = NewUserViewController.swift; sourceTree = "<group>"; };
		F1AF783B20740C1B0055E297 /* Util.swift */ = {isa = PBXFileReference; lastKnownFileType = sourcecode.swift; path = Util.swift; sourceTree = "<group>"; };
		F1AF783D207422490055E297 /* NewUserSignUpViewController.swift */ = {isa = PBXFileReference; lastKnownFileType = sourcecode.swift; path = NewUserSignUpViewController.swift; sourceTree = "<group>"; };
		F1D011EF20746B1F00C4927D /* Self+GMSAutocompleteViewControllerDelegate.swift */ = {isa = PBXFileReference; lastKnownFileType = sourcecode.swift; path = "Self+GMSAutocompleteViewControllerDelegate.swift"; sourceTree = "<group>"; };
		F1D011F220746FA600C4927D /* Self+GMSMapViewDelegate.swift */ = {isa = PBXFileReference; lastKnownFileType = sourcecode.swift; path = "Self+GMSMapViewDelegate.swift"; sourceTree = "<group>"; };
		F1D011F420746FF500C4927D /* Self+CLLocationManagerDelegate.swift */ = {isa = PBXFileReference; lastKnownFileType = sourcecode.swift; path = "Self+CLLocationManagerDelegate.swift"; sourceTree = "<group>"; };
		F1E25C4320753368009CC50E /* BottomPresentationController.swift */ = {isa = PBXFileReference; lastKnownFileType = sourcecode.swift; path = BottomPresentationController.swift; sourceTree = "<group>"; };
		F1E25C4520754325009CC50E /* LocationsPresentationController.swift */ = {isa = PBXFileReference; lastKnownFileType = sourcecode.swift; path = LocationsPresentationController.swift; sourceTree = "<group>"; };
		F1E25C472075484B009CC50E /* UIViewControllerExtension.swift */ = {isa = PBXFileReference; lastKnownFileType = sourcecode.swift; path = UIViewControllerExtension.swift; sourceTree = "<group>"; };
		F1E25C4920755D3B009CC50E /* BasePresentationController.swift */ = {isa = PBXFileReference; lastKnownFileType = sourcecode.swift; path = BasePresentationController.swift; sourceTree = "<group>"; };
		F1E25C4B20756C0D009CC50E /* LocationTableViewCell.swift */ = {isa = PBXFileReference; lastKnownFileType = sourcecode.swift; path = LocationTableViewCell.swift; sourceTree = "<group>"; };
		F1E25C4C20756C0D009CC50E /* LocationTableViewCell.xib */ = {isa = PBXFileReference; lastKnownFileType = file.xib; path = LocationTableViewCell.xib; sourceTree = "<group>"; };
		F1E25C4F20757012009CC50E /* UserLocation.swift */ = {isa = PBXFileReference; lastKnownFileType = sourcecode.swift; path = UserLocation.swift; sourceTree = "<group>"; };
		F1E25C512075F488009CC50E /* RoundView.swift */ = {isa = PBXFileReference; lastKnownFileType = sourcecode.swift; path = RoundView.swift; sourceTree = "<group>"; };
		F1E25C532075F4F5009CC50E /* AddLocationPresentationController.swift */ = {isa = PBXFileReference; lastKnownFileType = sourcecode.swift; path = AddLocationPresentationController.swift; sourceTree = "<group>"; };
		F1E25C552075F596009CC50E /* GlobalData.swift */ = {isa = PBXFileReference; lastKnownFileType = sourcecode.swift; path = GlobalData.swift; sourceTree = "<group>"; };
		F1F7F68B20744FBF00490052 /* NewUserLocationViewController.swift */ = {isa = PBXFileReference; lastKnownFileType = sourcecode.swift; path = NewUserLocationViewController.swift; sourceTree = "<group>"; };
		F4207AB2B72A54FB2125115B /* Pods-GoldenFish.debug.xcconfig */ = {isa = PBXFileReference; includeInIndex = 1; lastKnownFileType = text.xcconfig; name = "Pods-GoldenFish.debug.xcconfig"; path = "Pods/Target Support Files/Pods-GoldenFish/Pods-GoldenFish.debug.xcconfig"; sourceTree = "<group>"; };
/* End PBXFileReference section */

/* Begin PBXFrameworksBuildPhase section */
		F172224420728C310084C3EC /* Frameworks */ = {
			isa = PBXFrameworksBuildPhase;
			buildActionMask = 2147483647;
			files = (
				A170E3F74DBCFE08B4CF53AC /* Pods_GoldenFish.framework in Frameworks */,
			);
			runOnlyForDeploymentPostprocessing = 0;
		};
/* End PBXFrameworksBuildPhase section */

/* Begin PBXGroup section */
		660EBE4DE52C71728F0F8EAF /* Pods */ = {
			isa = PBXGroup;
			children = (
				F4207AB2B72A54FB2125115B /* Pods-GoldenFish.debug.xcconfig */,
				E817F221DBC0A2FDA355787B /* Pods-GoldenFish.release.xcconfig */,
			);
			name = Pods;
			sourceTree = "<group>";
		};
		7AA3DDF9668211EC3EB61F3D /* Frameworks */ = {
			isa = PBXGroup;
			children = (
				E6CF39668B7DAF0A818E8A6F /* Pods_GoldenFish.framework */,
			);
			name = Frameworks;
			sourceTree = "<group>";
		};
		F172223E20728C310084C3EC = {
			isa = PBXGroup;
			children = (
				F172224920728C310084C3EC /* GoldenFish */,
				F172224820728C310084C3EC /* Products */,
				660EBE4DE52C71728F0F8EAF /* Pods */,
				7AA3DDF9668211EC3EB61F3D /* Frameworks */,
			);
			sourceTree = "<group>";
		};
		F172224820728C310084C3EC /* Products */ = {
			isa = PBXGroup;
			children = (
				F172224720728C310084C3EC /* GoldenFish.app */,
			);
			name = Products;
			sourceTree = "<group>";
		};
		F172224920728C310084C3EC /* GoldenFish */ = {
			isa = PBXGroup;
			children = (
				F1AF78342073D6120055E297 /* Helpers */,
				F1AF78332073D60C0055E297 /* Macros */,
				F1AF78322073D6010055E297 /* Delegates */,
				F1AF78312073D5F20055E297 /* Controllers */,
				F1AF78302073D5EB0055E297 /* Views */,
				F1AF782F2073D5E30055E297 /* Models */,
				F172225120728C350084C3EC /* Assets.xcassets */,
				F172225620728C350084C3EC /* Info.plist */,
			);
			path = GoldenFish;
			sourceTree = "<group>";
		};
		F1AF782F2073D5E30055E297 /* Models */ = {
			isa = PBXGroup;
			children = (
				F1E25C4F20757012009CC50E /* UserLocation.swift */,
			);
			path = Models;
			sourceTree = "<group>";
		};
		F1AF78302073D5EB0055E297 /* Views */ = {
			isa = PBXGroup;
			children = (
				F1AF78352073D62F0055E297 /* Cells */,
				F172224E20728C320084C3EC /* Main.storyboard */,
				F172225320728C350084C3EC /* LaunchScreen.storyboard */,
			);
			path = Views;
			sourceTree = "<group>";
		};
		F1AF78312073D5F20055E297 /* Controllers */ = {
			isa = PBXGroup;
			children = (
				F1E25C4220753344009CC50E /* PresentationController */,
				F1D011F120746F5700C4927D /* NewUserLocationViewController */,
				F1AF78392073DF8E0055E297 /* NewUserViewController.swift */,
				F1AF783D207422490055E297 /* NewUserSignUpViewController.swift */,
			);
			path = Controllers;
			sourceTree = "<group>";
		};
		F1AF78322073D6010055E297 /* Delegates */ = {
			isa = PBXGroup;
			children = (
				F172224A20728C310084C3EC /* AppDelegate.swift */,
			);
			path = Delegates;
			sourceTree = "<group>";
		};
		F1AF78332073D60C0055E297 /* Macros */ = {
			isa = PBXGroup;
			children = (
				F1E25C472075484B009CC50E /* UIViewControllerExtension.swift */,
				F1E25C552075F596009CC50E /* GlobalData.swift */,
			);
			path = Macros;
			sourceTree = "<group>";
		};
		F1AF78342073D6120055E297 /* Helpers */ = {
			isa = PBXGroup;
			children = (
				F1AF783B20740C1B0055E297 /* Util.swift */,
			);
			path = Helpers;
			sourceTree = "<group>";
		};
		F1AF78352073D62F0055E297 /* Cells */ = {
			isa = PBXGroup;
			children = (
				F1E25C4B20756C0D009CC50E /* LocationTableViewCell.swift */,
				F1E25C4C20756C0D009CC50E /* LocationTableViewCell.xib */,
			);
			path = Cells;
			sourceTree = "<group>";
		};
		F1D011F120746F5700C4927D /* NewUserLocationViewController */ = {
			isa = PBXGroup;
			children = (
				F1F7F68B20744FBF00490052 /* NewUserLocationViewController.swift */,
				F1D011EF20746B1F00C4927D /* Self+GMSAutocompleteViewControllerDelegate.swift */,
				F1D011F220746FA600C4927D /* Self+GMSMapViewDelegate.swift */,
				F1D011F420746FF500C4927D /* Self+CLLocationManagerDelegate.swift */,
			);
			path = NewUserLocationViewController;
			sourceTree = "<group>";
		};
		F1E25C4220753344009CC50E /* PresentationController */ = {
			isa = PBXGroup;
			children = (
				F1E25C512075F488009CC50E /* RoundView.swift */,
				F1E25C4920755D3B009CC50E /* BasePresentationController.swift */,
				F1E25C4320753368009CC50E /* BottomPresentationController.swift */,
				F1E25C4520754325009CC50E /* LocationsPresentationController.swift */,
				F1E25C532075F4F5009CC50E /* AddLocationPresentationController.swift */,
			);
			path = PresentationController;
			sourceTree = "<group>";
		};
/* End PBXGroup section */

/* Begin PBXNativeTarget section */
		F172224620728C310084C3EC /* GoldenFish */ = {
			isa = PBXNativeTarget;
			buildConfigurationList = F172225920728C350084C3EC /* Build configuration list for PBXNativeTarget "GoldenFish" */;
			buildPhases = (
				24E09368AB164D8A4252CAF3 /* [CP] Check Pods Manifest.lock */,
				F172224320728C310084C3EC /* Sources */,
				F172224420728C310084C3EC /* Frameworks */,
				F172224520728C310084C3EC /* Resources */,
				989CD3F172A0E64DB9CB16EF /* [CP] Embed Pods Frameworks */,
				A08CD372EF5F13A3FE2A7B99 /* [CP] Copy Pods Resources */,
			);
			buildRules = (
			);
			dependencies = (
			);
			name = GoldenFish;
			productName = GoldenFish;
			productReference = F172224720728C310084C3EC /* GoldenFish.app */;
			productType = "com.apple.product-type.application";
		};
/* End PBXNativeTarget section */

/* Begin PBXProject section */
		F172223F20728C310084C3EC /* Project object */ = {
			isa = PBXProject;
			attributes = {
				LastSwiftUpdateCheck = 0930;
				LastUpgradeCheck = 0930;
				ORGANIZATIONNAME = "Hao Guan";
				TargetAttributes = {
					F172224620728C310084C3EC = {
						CreatedOnToolsVersion = 9.3;
					};
				};
			};
			buildConfigurationList = F172224220728C310084C3EC /* Build configuration list for PBXProject "GoldenFish" */;
			compatibilityVersion = "Xcode 9.3";
			developmentRegion = en;
			hasScannedForEncodings = 0;
			knownRegions = (
				en,
				Base,
			);
			mainGroup = F172223E20728C310084C3EC;
			productRefGroup = F172224820728C310084C3EC /* Products */;
			projectDirPath = "";
			projectRoot = "";
			targets = (
				F172224620728C310084C3EC /* GoldenFish */,
			);
		};
/* End PBXProject section */

/* Begin PBXResourcesBuildPhase section */
		F172224520728C310084C3EC /* Resources */ = {
			isa = PBXResourcesBuildPhase;
			buildActionMask = 2147483647;
			files = (
				F172225520728C350084C3EC /* LaunchScreen.storyboard in Resources */,
				F172225220728C350084C3EC /* Assets.xcassets in Resources */,
				F1E25C4E20756C0D009CC50E /* LocationTableViewCell.xib in Resources */,
				F172225020728C320084C3EC /* Main.storyboard in Resources */,
			);
			runOnlyForDeploymentPostprocessing = 0;
		};
/* End PBXResourcesBuildPhase section */

/* Begin PBXShellScriptBuildPhase section */
		24E09368AB164D8A4252CAF3 /* [CP] Check Pods Manifest.lock */ = {
			isa = PBXShellScriptBuildPhase;
			buildActionMask = 2147483647;
			files = (
			);
			inputPaths = (
				"${PODS_PODFILE_DIR_PATH}/Podfile.lock",
				"${PODS_ROOT}/Manifest.lock",
			);
			name = "[CP] Check Pods Manifest.lock";
			outputPaths = (
				"$(DERIVED_FILE_DIR)/Pods-GoldenFish-checkManifestLockResult.txt",
			);
			runOnlyForDeploymentPostprocessing = 0;
			shellPath = /bin/sh;
			shellScript = "diff \"${PODS_PODFILE_DIR_PATH}/Podfile.lock\" \"${PODS_ROOT}/Manifest.lock\" > /dev/null\nif [ $? != 0 ] ; then\n    # print error to STDERR\n    echo \"error: The sandbox is not in sync with the Podfile.lock. Run 'pod install' or update your CocoaPods installation.\" >&2\n    exit 1\nfi\n# This output is used by Xcode 'outputs' to avoid re-running this script phase.\necho \"SUCCESS\" > \"${SCRIPT_OUTPUT_FILE_0}\"\n";
			showEnvVarsInLog = 0;
		};
		989CD3F172A0E64DB9CB16EF /* [CP] Embed Pods Frameworks */ = {
			isa = PBXShellScriptBuildPhase;
			buildActionMask = 2147483647;
			files = (
			);
			inputPaths = (
				"${SRCROOT}/Pods/Target Support Files/Pods-GoldenFish/Pods-GoldenFish-frameworks.sh",
				"${BUILT_PRODUCTS_DIR}/Alamofire/Alamofire.framework",
				"${BUILT_PRODUCTS_DIR}/Realm/Realm.framework",
				"${BUILT_PRODUCTS_DIR}/RealmSwift/RealmSwift.framework",
			);
			name = "[CP] Embed Pods Frameworks";
			outputPaths = (
				"${TARGET_BUILD_DIR}/${FRAMEWORKS_FOLDER_PATH}/Alamofire.framework",
				"${TARGET_BUILD_DIR}/${FRAMEWORKS_FOLDER_PATH}/Realm.framework",
				"${TARGET_BUILD_DIR}/${FRAMEWORKS_FOLDER_PATH}/RealmSwift.framework",
			);
			runOnlyForDeploymentPostprocessing = 0;
			shellPath = /bin/sh;
			shellScript = "\"${SRCROOT}/Pods/Target Support Files/Pods-GoldenFish/Pods-GoldenFish-frameworks.sh\"\n";
			showEnvVarsInLog = 0;
		};
		A08CD372EF5F13A3FE2A7B99 /* [CP] Copy Pods Resources */ = {
			isa = PBXShellScriptBuildPhase;
			buildActionMask = 2147483647;
			files = (
			);
			inputPaths = (
				"${SRCROOT}/Pods/Target Support Files/Pods-GoldenFish/Pods-GoldenFish-resources.sh",
				"${PODS_ROOT}/GoogleMaps/Maps/Frameworks/GoogleMaps.framework/Resources/GoogleMaps.bundle",
				"${PODS_ROOT}/GooglePlaces/Frameworks/GooglePlaces.framework/Resources/GooglePlaces.bundle",
			);
			name = "[CP] Copy Pods Resources";
			outputPaths = (
				"${TARGET_BUILD_DIR}/${UNLOCALIZED_RESOURCES_FOLDER_PATH}",
			);
			runOnlyForDeploymentPostprocessing = 0;
			shellPath = /bin/sh;
			shellScript = "\"${SRCROOT}/Pods/Target Support Files/Pods-GoldenFish/Pods-GoldenFish-resources.sh\"\n";
			showEnvVarsInLog = 0;
		};
/* End PBXShellScriptBuildPhase section */

/* Begin PBXSourcesBuildPhase section */
		F172224320728C310084C3EC /* Sources */ = {
			isa = PBXSourcesBuildPhase;
			buildActionMask = 2147483647;
			files = (
				F1AF783A2073DF8E0055E297 /* NewUserViewController.swift in Sources */,
				F1AF783C20740C1B0055E297 /* Util.swift in Sources */,
				F1D011F520746FF500C4927D /* Self+CLLocationManagerDelegate.swift in Sources */,
				F1AF783E207422490055E297 /* NewUserSignUpViewController.swift in Sources */,
				F1E25C542075F4F5009CC50E /* AddLocationPresentationController.swift in Sources */,
				F1E25C522075F489009CC50E /* RoundView.swift in Sources */,
				F1E25C4A20755D3B009CC50E /* BasePresentationController.swift in Sources */,
				F1E25C562075F596009CC50E /* GlobalData.swift in Sources */,
				F1E25C4D20756C0D009CC50E /* LocationTableViewCell.swift in Sources */,
				F1E25C4420753368009CC50E /* BottomPresentationController.swift in Sources */,
				F1D011F320746FA600C4927D /* Self+GMSMapViewDelegate.swift in Sources */,
				F1E25C4620754325009CC50E /* LocationsPresentationController.swift in Sources */,
				F1F7F68C20744FBF00490052 /* NewUserLocationViewController.swift in Sources */,
				F172224B20728C310084C3EC /* AppDelegate.swift in Sources */,
				F1E25C482075484B009CC50E /* UIViewControllerExtension.swift in Sources */,
				F1D011F020746B1F00C4927D /* Self+GMSAutocompleteViewControllerDelegate.swift in Sources */,
				F1E25C5020757012009CC50E /* UserLocation.swift in Sources */,
			);
			runOnlyForDeploymentPostprocessing = 0;
		};
/* End PBXSourcesBuildPhase section */

/* Begin PBXVariantGroup section */
		F172224E20728C320084C3EC /* Main.storyboard */ = {
			isa = PBXVariantGroup;
			children = (
				F172224F20728C320084C3EC /* Base */,
			);
			name = Main.storyboard;
			sourceTree = "<group>";
		};
		F172225320728C350084C3EC /* LaunchScreen.storyboard */ = {
			isa = PBXVariantGroup;
			children = (
				F172225420728C350084C3EC /* Base */,
			);
			name = LaunchScreen.storyboard;
			sourceTree = "<group>";
		};
/* End PBXVariantGroup section */

/* Begin XCBuildConfiguration section */
		F172225720728C350084C3EC /* Debug */ = {
			isa = XCBuildConfiguration;
			buildSettings = {
				ALWAYS_SEARCH_USER_PATHS = NO;
				CLANG_ANALYZER_NONNULL = YES;
				CLANG_ANALYZER_NUMBER_OBJECT_CONVERSION = YES_AGGRESSIVE;
				CLANG_CXX_LANGUAGE_STANDARD = "gnu++14";
				CLANG_CXX_LIBRARY = "libc++";
				CLANG_ENABLE_MODULES = YES;
				CLANG_ENABLE_OBJC_ARC = YES;
				CLANG_ENABLE_OBJC_WEAK = YES;
				CLANG_WARN_BLOCK_CAPTURE_AUTORELEASING = YES;
				CLANG_WARN_BOOL_CONVERSION = YES;
				CLANG_WARN_COMMA = YES;
				CLANG_WARN_CONSTANT_CONVERSION = YES;
				CLANG_WARN_DEPRECATED_OBJC_IMPLEMENTATIONS = YES;
				CLANG_WARN_DIRECT_OBJC_ISA_USAGE = YES_ERROR;
				CLANG_WARN_DOCUMENTATION_COMMENTS = YES;
				CLANG_WARN_EMPTY_BODY = YES;
				CLANG_WARN_ENUM_CONVERSION = YES;
				CLANG_WARN_INFINITE_RECURSION = YES;
				CLANG_WARN_INT_CONVERSION = YES;
				CLANG_WARN_NON_LITERAL_NULL_CONVERSION = YES;
				CLANG_WARN_OBJC_IMPLICIT_RETAIN_SELF = YES;
				CLANG_WARN_OBJC_LITERAL_CONVERSION = YES;
				CLANG_WARN_OBJC_ROOT_CLASS = YES_ERROR;
				CLANG_WARN_RANGE_LOOP_ANALYSIS = YES;
				CLANG_WARN_STRICT_PROTOTYPES = YES;
				CLANG_WARN_SUSPICIOUS_MOVE = YES;
				CLANG_WARN_UNGUARDED_AVAILABILITY = YES_AGGRESSIVE;
				CLANG_WARN_UNREACHABLE_CODE = YES;
				CLANG_WARN__DUPLICATE_METHOD_MATCH = YES;
				CODE_SIGN_IDENTITY = "iPhone Developer";
				COPY_PHASE_STRIP = NO;
				DEBUG_INFORMATION_FORMAT = dwarf;
				ENABLE_STRICT_OBJC_MSGSEND = YES;
				ENABLE_TESTABILITY = YES;
				GCC_C_LANGUAGE_STANDARD = gnu11;
				GCC_DYNAMIC_NO_PIC = NO;
				GCC_NO_COMMON_BLOCKS = YES;
				GCC_OPTIMIZATION_LEVEL = 0;
				GCC_PREPROCESSOR_DEFINITIONS = (
					"DEBUG=1",
					"$(inherited)",
				);
				GCC_WARN_64_TO_32_BIT_CONVERSION = YES;
				GCC_WARN_ABOUT_RETURN_TYPE = YES_ERROR;
				GCC_WARN_UNDECLARED_SELECTOR = YES;
				GCC_WARN_UNINITIALIZED_AUTOS = YES_AGGRESSIVE;
				GCC_WARN_UNUSED_FUNCTION = YES;
				GCC_WARN_UNUSED_VARIABLE = YES;
				IPHONEOS_DEPLOYMENT_TARGET = 11.3;
				MTL_ENABLE_DEBUG_INFO = YES;
				ONLY_ACTIVE_ARCH = YES;
				SDKROOT = iphoneos;
				SWIFT_ACTIVE_COMPILATION_CONDITIONS = DEBUG;
				SWIFT_OPTIMIZATION_LEVEL = "-Onone";
			};
			name = Debug;
		};
		F172225820728C350084C3EC /* Release */ = {
			isa = XCBuildConfiguration;
			buildSettings = {
				ALWAYS_SEARCH_USER_PATHS = NO;
				CLANG_ANALYZER_NONNULL = YES;
				CLANG_ANALYZER_NUMBER_OBJECT_CONVERSION = YES_AGGRESSIVE;
				CLANG_CXX_LANGUAGE_STANDARD = "gnu++14";
				CLANG_CXX_LIBRARY = "libc++";
				CLANG_ENABLE_MODULES = YES;
				CLANG_ENABLE_OBJC_ARC = YES;
				CLANG_ENABLE_OBJC_WEAK = YES;
				CLANG_WARN_BLOCK_CAPTURE_AUTORELEASING = YES;
				CLANG_WARN_BOOL_CONVERSION = YES;
				CLANG_WARN_COMMA = YES;
				CLANG_WARN_CONSTANT_CONVERSION = YES;
				CLANG_WARN_DEPRECATED_OBJC_IMPLEMENTATIONS = YES;
				CLANG_WARN_DIRECT_OBJC_ISA_USAGE = YES_ERROR;
				CLANG_WARN_DOCUMENTATION_COMMENTS = YES;
				CLANG_WARN_EMPTY_BODY = YES;
				CLANG_WARN_ENUM_CONVERSION = YES;
				CLANG_WARN_INFINITE_RECURSION = YES;
				CLANG_WARN_INT_CONVERSION = YES;
				CLANG_WARN_NON_LITERAL_NULL_CONVERSION = YES;
				CLANG_WARN_OBJC_IMPLICIT_RETAIN_SELF = YES;
				CLANG_WARN_OBJC_LITERAL_CONVERSION = YES;
				CLANG_WARN_OBJC_ROOT_CLASS = YES_ERROR;
				CLANG_WARN_RANGE_LOOP_ANALYSIS = YES;
				CLANG_WARN_STRICT_PROTOTYPES = YES;
				CLANG_WARN_SUSPICIOUS_MOVE = YES;
				CLANG_WARN_UNGUARDED_AVAILABILITY = YES_AGGRESSIVE;
				CLANG_WARN_UNREACHABLE_CODE = YES;
				CLANG_WARN__DUPLICATE_METHOD_MATCH = YES;
				CODE_SIGN_IDENTITY = "iPhone Developer";
				COPY_PHASE_STRIP = NO;
				DEBUG_INFORMATION_FORMAT = "dwarf-with-dsym";
				ENABLE_NS_ASSERTIONS = NO;
				ENABLE_STRICT_OBJC_MSGSEND = YES;
				GCC_C_LANGUAGE_STANDARD = gnu11;
				GCC_NO_COMMON_BLOCKS = YES;
				GCC_WARN_64_TO_32_BIT_CONVERSION = YES;
				GCC_WARN_ABOUT_RETURN_TYPE = YES_ERROR;
				GCC_WARN_UNDECLARED_SELECTOR = YES;
				GCC_WARN_UNINITIALIZED_AUTOS = YES_AGGRESSIVE;
				GCC_WARN_UNUSED_FUNCTION = YES;
				GCC_WARN_UNUSED_VARIABLE = YES;
				IPHONEOS_DEPLOYMENT_TARGET = 11.3;
				MTL_ENABLE_DEBUG_INFO = NO;
				SDKROOT = iphoneos;
				SWIFT_COMPILATION_MODE = wholemodule;
				SWIFT_OPTIMIZATION_LEVEL = "-O";
				VALIDATE_PRODUCT = YES;
			};
			name = Release;
		};
		F172225A20728C350084C3EC /* Debug */ = {
			isa = XCBuildConfiguration;
			baseConfigurationReference = F4207AB2B72A54FB2125115B /* Pods-GoldenFish.debug.xcconfig */;
			buildSettings = {
				ASSETCATALOG_COMPILER_APPICON_NAME = AppIcon;
				CODE_SIGN_STYLE = Automatic;
				DEVELOPMENT_TEAM = EH966UUX4K;
				INFOPLIST_FILE = GoldenFish/Info.plist;
				IPHONEOS_DEPLOYMENT_TARGET = 11.0;
				LD_RUNPATH_SEARCH_PATHS = (
					"$(inherited)",
					"@executable_path/Frameworks",
				);
				PRODUCT_BUNDLE_IDENTIFIER = com.garyguan.GoldenFish;
				PRODUCT_NAME = "$(TARGET_NAME)";
				SWIFT_VERSION = 4.0;
				TARGETED_DEVICE_FAMILY = 1;
			};
			name = Debug;
		};
		F172225B20728C350084C3EC /* Release */ = {
			isa = XCBuildConfiguration;
			baseConfigurationReference = E817F221DBC0A2FDA355787B /* Pods-GoldenFish.release.xcconfig */;
			buildSettings = {
				ASSETCATALOG_COMPILER_APPICON_NAME = AppIcon;
				CODE_SIGN_STYLE = Automatic;
				DEVELOPMENT_TEAM = EH966UUX4K;
				INFOPLIST_FILE = GoldenFish/Info.plist;
				IPHONEOS_DEPLOYMENT_TARGET = 11.0;
				LD_RUNPATH_SEARCH_PATHS = (
					"$(inherited)",
					"@executable_path/Frameworks",
				);
				PRODUCT_BUNDLE_IDENTIFIER = com.garyguan.GoldenFish;
				PRODUCT_NAME = "$(TARGET_NAME)";
				SWIFT_VERSION = 4.0;
				TARGETED_DEVICE_FAMILY = 1;
			};
			name = Release;
		};
/* End XCBuildConfiguration section */

/* Begin XCConfigurationList section */
		F172224220728C310084C3EC /* Build configuration list for PBXProject "GoldenFish" */ = {
			isa = XCConfigurationList;
			buildConfigurations = (
				F172225720728C350084C3EC /* Debug */,
				F172225820728C350084C3EC /* Release */,
			);
			defaultConfigurationIsVisible = 0;
			defaultConfigurationName = Release;
		};
		F172225920728C350084C3EC /* Build configuration list for PBXNativeTarget "GoldenFish" */ = {
			isa = XCConfigurationList;
			buildConfigurations = (
				F172225A20728C350084C3EC /* Debug */,
				F172225B20728C350084C3EC /* Release */,
			);
			defaultConfigurationIsVisible = 0;
			defaultConfigurationName = Release;
		};
/* End XCConfigurationList section */
	};
	rootObject = F172223F20728C310084C3EC /* Project object */;
}
